
Microsoft Visual Studio Solution File, Format Version 12.00
# Visual Studio Version 17
VisualStudioVersion = 17.8.34330.188
MinimumVisualStudioVersion = 10.0.40219.1
Project("{9A19103F-16F7-4668-BE54-9A1E7A4F7556}") = "Inheritance", "Inheritance\Inheritance.csproj", "{AA309B4B-0BC1-4024-A98B-D249D3216BFE}"
EndProject
Global
	GlobalSection(SolutionConfigurationPlatforms) = preSolution
		Debug|Any CPU = Debug|Any CPU
		Release|Any CPU = Release|Any CPU
	EndGlobalSection
	GlobalSection(ProjectConfigurationPlatforms) = postSolution
		{AA309B4B-0BC1-4024-A98B-D249D3216BFE}.Debug|Any CPU.ActiveCfg = Debug|Any CPU
		{AA309B4B-0BC1-4024-A98B-D249D3216BFE}.Debug|Any CPU.Build.0 = Debug|Any CPU
		{AA309B4B-0BC1-4024-A98B-D249D3216BFE}.Release|Any CPU.ActiveCfg = Release|Any CPU
		{AA309B4B-0BC1-4024-A98B-D249D3216BFE}.Release|Any CPU.Build.0 = Release|Any CPU
	EndGlobalSection
	GlobalSection(SolutionProperties) = preSolution
		HideSolutionNode = FALSE
	EndGlobalSection
	GlobalSection(ExtensibilityGlobals) = postSolution
		SolutionGuid = {86043F84-1909-4F78-8633-62CDBC9D0551}
	EndGlobalSection
EndGlobal
